
Microsoft Visual Studio Solution File, Format Version 12.00
# Visual Studio Version 17
VisualStudioVersion = 17.4.33122.133
MinimumVisualStudioVersion = 10.0.40219.1
Project("{FAE04EC0-301F-11D3-BF4B-00C04F79EFBC}") = "PROYECTO_COSTOS", "PROYECTO_COSTOS\PROYECTO_COSTOS.csproj", "{8CC09348-E3DE-445F-BA94-B6118DB6116F}"
EndProject
Global
	GlobalSection(SolutionConfigurationPlatforms) = preSolution
		Debug|Any CPU = Debug|Any CPU
		Release|Any CPU = Release|Any CPU
	EndGlobalSection
	GlobalSection(ProjectConfigurationPlatforms) = postSolution
		{8CC09348-E3DE-445F-BA94-B6118DB6116F}.Debug|Any CPU.ActiveCfg = Debug|Any CPU
		{8CC09348-E3DE-445F-BA94-B6118DB6116F}.Debug|Any CPU.Build.0 = Debug|Any CPU
		{8CC09348-E3DE-445F-BA94-B6118DB6116F}.Release|Any CPU.ActiveCfg = Release|Any CPU
		{8CC09348-E3DE-445F-BA94-B6118DB6116F}.Release|Any CPU.Build.0 = Release|Any CPU
	EndGlobalSection
	GlobalSection(SolutionProperties) = preSolution
		HideSolutionNode = FALSE
	EndGlobalSection
	GlobalSection(ExtensibilityGlobals) = postSolution
		SolutionGuid = {9573BCFD-5E39-4296-862F-E1D57FF5433A}
	EndGlobalSection
EndGlobal
